
Microsoft Visual Studio Solution File, Format Version 12.00
# Visual Studio Version 16
VisualStudioVersion = 16.0.33214.272
MinimumVisualStudioVersion = 10.0.40219.1
Project("{2150E333-8FDC-42A3-9474-1A3956D46DE8}") = "Aplicacion", "Aplicacion", "{BB8FFB47-9E09-46DD-B974-7FA97C57C027}"
EndProject
Project("{2150E333-8FDC-42A3-9474-1A3956D46DE8}") = "Componentes", "Componentes", "{B5821804-C23F-4A7E-BA85-985019393F05}"
EndProject
Project("{FAE04EC0-301F-11D3-BF4B-00C04F79EFBC}") = "GrupoASD.GestionActivos.App.Web", "GrupoASD.GestionActivos.App.Web\GrupoASD.GestionActivos.App.Web.csproj", "{89415DFF-CF29-4DDF-8767-4461AABD9660}"
EndProject
Project("{FAE04EC0-301F-11D3-BF4B-00C04F79EFBC}") = "GrupoASD.GestionActivos.App.Wpf", "GrupoASD.GestionActivos.App.Wpf\GrupoASD.GestionActivos.App.Wpf.csproj", "{C01CE1AB-503F-4413-8688-6F19BAD2B3C0}"
EndProject
Project("{FAE04EC0-301F-11D3-BF4B-00C04F79EFBC}") = "GrupoASD.GestionActivos.App.Servicios", "GrupoASD.GestionActivos.App.Servicios\GrupoASD.GestionActivos.App.Servicios.csproj", "{5DC1D77A-6217-4A32-934E-16B22182E5A5}"
EndProject
Global
	GlobalSection(SolutionConfigurationPlatforms) = preSolution
		Debug|Any CPU = Debug|Any CPU
		Release|Any CPU = Release|Any CPU
	EndGlobalSection
	GlobalSection(ProjectConfigurationPlatforms) = postSolution
		{89415DFF-CF29-4DDF-8767-4461AABD9660}.Debug|Any CPU.ActiveCfg = Debug|Any CPU
		{89415DFF-CF29-4DDF-8767-4461AABD9660}.Debug|Any CPU.Build.0 = Debug|Any CPU
		{89415DFF-CF29-4DDF-8767-4461AABD9660}.Release|Any CPU.ActiveCfg = Release|Any CPU
		{89415DFF-CF29-4DDF-8767-4461AABD9660}.Release|Any CPU.Build.0 = Release|Any CPU
		{C01CE1AB-503F-4413-8688-6F19BAD2B3C0}.Debug|Any CPU.ActiveCfg = Debug|Any CPU
		{C01CE1AB-503F-4413-8688-6F19BAD2B3C0}.Debug|Any CPU.Build.0 = Debug|Any CPU
		{C01CE1AB-503F-4413-8688-6F19BAD2B3C0}.Release|Any CPU.ActiveCfg = Release|Any CPU
		{C01CE1AB-503F-4413-8688-6F19BAD2B3C0}.Release|Any CPU.Build.0 = Release|Any CPU
		{5DC1D77A-6217-4A32-934E-16B22182E5A5}.Debug|Any CPU.ActiveCfg = Debug|Any CPU
		{5DC1D77A-6217-4A32-934E-16B22182E5A5}.Debug|Any CPU.Build.0 = Debug|Any CPU
		{5DC1D77A-6217-4A32-934E-16B22182E5A5}.Release|Any CPU.ActiveCfg = Release|Any CPU
		{5DC1D77A-6217-4A32-934E-16B22182E5A5}.Release|Any CPU.Build.0 = Release|Any CPU
	EndGlobalSection
	GlobalSection(SolutionProperties) = preSolution
		HideSolutionNode = FALSE
	EndGlobalSection
	GlobalSection(NestedProjects) = preSolution
		{89415DFF-CF29-4DDF-8767-4461AABD9660} = {BB8FFB47-9E09-46DD-B974-7FA97C57C027}
		{C01CE1AB-503F-4413-8688-6F19BAD2B3C0} = {BB8FFB47-9E09-46DD-B974-7FA97C57C027}
		{5DC1D77A-6217-4A32-934E-16B22182E5A5} = {B5821804-C23F-4A7E-BA85-985019393F05}
	EndGlobalSection
	GlobalSection(ExtensibilityGlobals) = postSolution
		SolutionGuid = {7C192AA5-77ED-464B-A7EC-DC9B70CFD5DE}
	EndGlobalSection
EndGlobal
